
Microsoft Visual Studio Solution File, Format Version 12.00
# Visual Studio 2012
Project("{FAE04EC0-301F-11D3-BF4B-00C04F79EFBC}") = "GXP.Web", "GXP\GXP.Web.csproj", "{427B48AF-E66E-4AD0-A818-CF33FC72EDF2}"
	ProjectSection(ProjectDependencies) = postProject
		{CEF4997C-1193-4452-8342-7EF5AA749716} = {CEF4997C-1193-4452-8342-7EF5AA749716}
		{37D1C4A9-4557-4E7A-9DE4-2A5C5738DB98} = {37D1C4A9-4557-4E7A-9DE4-2A5C5738DB98}
		{223481DD-6F24-440F-97EF-0430D6280E6B} = {223481DD-6F24-440F-97EF-0430D6280E6B}
	EndProjectSection
EndProject
Project("{FAE04EC0-301F-11D3-BF4B-00C04F79EFBC}") = "GXP.DataEntity", "GXP.DataEntity\GXP.DataEntity.csproj", "{CEF4997C-1193-4452-8342-7EF5AA749716}"
EndProject
Project("{FAE04EC0-301F-11D3-BF4B-00C04F79EFBC}") = "GXP.IDAL", "GXP.IDAL\GXP.IDAL.csproj", "{6D54BCB9-9A5A-4C69-9715-892E42AEE7D0}"
	ProjectSection(ProjectDependencies) = postProject
		{CEF4997C-1193-4452-8342-7EF5AA749716} = {CEF4997C-1193-4452-8342-7EF5AA749716}
		{223481DD-6F24-440F-97EF-0430D6280E6B} = {223481DD-6F24-440F-97EF-0430D6280E6B}
	EndProjectSection
EndProject
Project("{FAE04EC0-301F-11D3-BF4B-00C04F79EFBC}") = "GXP.SQLServerDAL", "GXP.SQLServerDAL\GXP.SQLServerDAL.csproj", "{0EE5D67C-9A8C-4E1A-B519-7567869874EE}"
	ProjectSection(ProjectDependencies) = postProject
		{CEF4997C-1193-4452-8342-7EF5AA749716} = {CEF4997C-1193-4452-8342-7EF5AA749716}
		{6D54BCB9-9A5A-4C69-9715-892E42AEE7D0} = {6D54BCB9-9A5A-4C69-9715-892E42AEE7D0}
		{223481DD-6F24-440F-97EF-0430D6280E6B} = {223481DD-6F24-440F-97EF-0430D6280E6B}
	EndProjectSection
EndProject
Project("{FAE04EC0-301F-11D3-BF4B-00C04F79EFBC}") = "GXP.IService", "GXP.IService\GXP.IService.csproj", "{37D1C4A9-4557-4E7A-9DE4-2A5C5738DB98}"
EndProject
Project("{FAE04EC0-301F-11D3-BF4B-00C04F79EFBC}") = "GXP.Service", "GXP.Service\GXP.Service.csproj", "{0BCCC9E9-E1F3-4F84-910A-EF16A4717297}"
	ProjectSection(ProjectDependencies) = postProject
		{CEF4997C-1193-4452-8342-7EF5AA749716} = {CEF4997C-1193-4452-8342-7EF5AA749716}
		{37D1C4A9-4557-4E7A-9DE4-2A5C5738DB98} = {37D1C4A9-4557-4E7A-9DE4-2A5C5738DB98}
		{6D54BCB9-9A5A-4C69-9715-892E42AEE7D0} = {6D54BCB9-9A5A-4C69-9715-892E42AEE7D0}
		{223481DD-6F24-440F-97EF-0430D6280E6B} = {223481DD-6F24-440F-97EF-0430D6280E6B}
	EndProjectSection
EndProject
Project("{FAE04EC0-301F-11D3-BF4B-00C04F79EFBC}") = "GXP.Common", "GXP.Common\GXP.Common.csproj", "{223481DD-6F24-440F-97EF-0430D6280E6B}"
EndProject
Project("{FAE04EC0-301F-11D3-BF4B-00C04F79EFBC}") = "GXP.OracleDAL", "GXP.OracleDAL\GXP.OracleDAL.csproj", "{3ADFE19B-7BBA-4E1B-A584-ED0C97C2E17B}"
EndProject
Global
	GlobalSection(SolutionConfigurationPlatforms) = preSolution
		Debug|Any CPU = Debug|Any CPU
		Release|Any CPU = Release|Any CPU
	EndGlobalSection
	GlobalSection(ProjectConfigurationPlatforms) = postSolution
		{427B48AF-E66E-4AD0-A818-CF33FC72EDF2}.Debug|Any CPU.ActiveCfg = Debug|Any CPU
		{427B48AF-E66E-4AD0-A818-CF33FC72EDF2}.Debug|Any CPU.Build.0 = Debug|Any CPU
		{427B48AF-E66E-4AD0-A818-CF33FC72EDF2}.Release|Any CPU.ActiveCfg = Release|Any CPU
		{427B48AF-E66E-4AD0-A818-CF33FC72EDF2}.Release|Any CPU.Build.0 = Release|Any CPU
		{CEF4997C-1193-4452-8342-7EF5AA749716}.Debug|Any CPU.ActiveCfg = Debug|Any CPU
		{CEF4997C-1193-4452-8342-7EF5AA749716}.Debug|Any CPU.Build.0 = Debug|Any CPU
		{CEF4997C-1193-4452-8342-7EF5AA749716}.Release|Any CPU.ActiveCfg = Release|Any CPU
		{CEF4997C-1193-4452-8342-7EF5AA749716}.Release|Any CPU.Build.0 = Release|Any CPU
		{6D54BCB9-9A5A-4C69-9715-892E42AEE7D0}.Debug|Any CPU.ActiveCfg = Debug|Any CPU
		{6D54BCB9-9A5A-4C69-9715-892E42AEE7D0}.Debug|Any CPU.Build.0 = Debug|Any CPU
		{6D54BCB9-9A5A-4C69-9715-892E42AEE7D0}.Release|Any CPU.ActiveCfg = Release|Any CPU
		{6D54BCB9-9A5A-4C69-9715-892E42AEE7D0}.Release|Any CPU.Build.0 = Release|Any CPU
		{0EE5D67C-9A8C-4E1A-B519-7567869874EE}.Debug|Any CPU.ActiveCfg = Debug|Any CPU
		{0EE5D67C-9A8C-4E1A-B519-7567869874EE}.Debug|Any CPU.Build.0 = Debug|Any CPU
		{0EE5D67C-9A8C-4E1A-B519-7567869874EE}.Release|Any CPU.ActiveCfg = Release|Any CPU
		{0EE5D67C-9A8C-4E1A-B519-7567869874EE}.Release|Any CPU.Build.0 = Release|Any CPU
		{37D1C4A9-4557-4E7A-9DE4-2A5C5738DB98}.Debug|Any CPU.ActiveCfg = Debug|Any CPU
		{37D1C4A9-4557-4E7A-9DE4-2A5C5738DB98}.Debug|Any CPU.Build.0 = Debug|Any CPU
		{37D1C4A9-4557-4E7A-9DE4-2A5C5738DB98}.Release|Any CPU.ActiveCfg = Release|Any CPU
		{37D1C4A9-4557-4E7A-9DE4-2A5C5738DB98}.Release|Any CPU.Build.0 = Release|Any CPU
		{0BCCC9E9-E1F3-4F84-910A-EF16A4717297}.Debug|Any CPU.ActiveCfg = Debug|Any CPU
		{0BCCC9E9-E1F3-4F84-910A-EF16A4717297}.Debug|Any CPU.Build.0 = Debug|Any CPU
		{0BCCC9E9-E1F3-4F84-910A-EF16A4717297}.Release|Any CPU.ActiveCfg = Release|Any CPU
		{0BCCC9E9-E1F3-4F84-910A-EF16A4717297}.Release|Any CPU.Build.0 = Release|Any CPU
		{223481DD-6F24-440F-97EF-0430D6280E6B}.Debug|Any CPU.ActiveCfg = Debug|Any CPU
		{223481DD-6F24-440F-97EF-0430D6280E6B}.Debug|Any CPU.Build.0 = Debug|Any CPU
		{223481DD-6F24-440F-97EF-0430D6280E6B}.Release|Any CPU.ActiveCfg = Release|Any CPU
		{223481DD-6F24-440F-97EF-0430D6280E6B}.Release|Any CPU.Build.0 = Release|Any CPU
		{3ADFE19B-7BBA-4E1B-A584-ED0C97C2E17B}.Debug|Any CPU.ActiveCfg = Debug|Any CPU
		{3ADFE19B-7BBA-4E1B-A584-ED0C97C2E17B}.Debug|Any CPU.Build.0 = Debug|Any CPU
		{3ADFE19B-7BBA-4E1B-A584-ED0C97C2E17B}.Release|Any CPU.ActiveCfg = Release|Any CPU
		{3ADFE19B-7BBA-4E1B-A584-ED0C97C2E17B}.Release|Any CPU.Build.0 = Release|Any CPU
	EndGlobalSection
	GlobalSection(SolutionProperties) = preSolution
		HideSolutionNode = FALSE
	EndGlobalSection
EndGlobal
